
Microsoft Visual Studio Solution File, Format Version 12.00
# Visual Studio Version 16
VisualStudioVersion = 16.0.29519.181
MinimumVisualStudioVersion = 10.0.40219.1
Project("{9A19103F-16F7-4668-BE54-9A1E7A4F7556}") = "Yeha", "Yeha.csproj", "{CE4FDFE2-047C-4540-845B-AE95FD9D2287}"
EndProject
Project("{9A19103F-16F7-4668-BE54-9A1E7A4F7556}") = "Yeha.IntegrationTests", "..\Yeha.IntegrationTests\Yeha.IntegrationTests.csproj", "{ADA99534-A2B0-44C4-B2D7-BCEF5B4025E5}"
EndProject
Project("{2150E333-8FDC-42A3-9474-1A3956D46DE8}") = "Solution Items", "Solution Items", "{8DC6FB5A-8F3A-494B-BB25-86E78B2FE401}"
	ProjectSection(SolutionItems) = preProject
		..\..\README.md = ..\..\README.md
	EndProjectSection
EndProject
Project("{FAE04EC0-301F-11D3-BF4B-00C04F79EFBC}") = "Yeha.AcceptanceTests", "..\Yeha.AcceptanceTests\Yeha.AcceptanceTests.csproj", "{86F2A994-D1B0-4931-8139-BC7DA7B89EA8}"
EndProject
Global
	GlobalSection(SolutionConfigurationPlatforms) = preSolution
		Debug|Any CPU = Debug|Any CPU
		Release|Any CPU = Release|Any CPU
	EndGlobalSection
	GlobalSection(ProjectConfigurationPlatforms) = postSolution
		{CE4FDFE2-047C-4540-845B-AE95FD9D2287}.Debug|Any CPU.ActiveCfg = Debug|Any CPU
		{CE4FDFE2-047C-4540-845B-AE95FD9D2287}.Debug|Any CPU.Build.0 = Debug|Any CPU
		{CE4FDFE2-047C-4540-845B-AE95FD9D2287}.Release|Any CPU.ActiveCfg = Release|Any CPU
		{CE4FDFE2-047C-4540-845B-AE95FD9D2287}.Release|Any CPU.Build.0 = Release|Any CPU
		{ADA99534-A2B0-44C4-B2D7-BCEF5B4025E5}.Debug|Any CPU.ActiveCfg = Debug|Any CPU
		{ADA99534-A2B0-44C4-B2D7-BCEF5B4025E5}.Debug|Any CPU.Build.0 = Debug|Any CPU
		{ADA99534-A2B0-44C4-B2D7-BCEF5B4025E5}.Release|Any CPU.ActiveCfg = Release|Any CPU
		{ADA99534-A2B0-44C4-B2D7-BCEF5B4025E5}.Release|Any CPU.Build.0 = Release|Any CPU
		{86F2A994-D1B0-4931-8139-BC7DA7B89EA8}.Debug|Any CPU.ActiveCfg = Debug|Any CPU
		{86F2A994-D1B0-4931-8139-BC7DA7B89EA8}.Debug|Any CPU.Build.0 = Debug|Any CPU
		{86F2A994-D1B0-4931-8139-BC7DA7B89EA8}.Release|Any CPU.ActiveCfg = Release|Any CPU
		{86F2A994-D1B0-4931-8139-BC7DA7B89EA8}.Release|Any CPU.Build.0 = Release|Any CPU
	EndGlobalSection
	GlobalSection(SolutionProperties) = preSolution
		HideSolutionNode = FALSE
	EndGlobalSection
	GlobalSection(ExtensibilityGlobals) = postSolution
		SolutionGuid = {3C9CE7A9-D1A6-43FC-BA2C-5AE37B7E7277}
	EndGlobalSection
EndGlobal
